// !$*UTF8*$!
{
	archiveVersion = 1;
	classes = {
	};
	objectVersion = 46;
	objects = {

/* Begin PBXBuildFile section */
		F966F1B21DD85CBB0040CBCA /* AppDelegate.swift in Sources */ = {isa = PBXBuildFile; fileRef = F966F1B11DD85CBB0040CBCA /* AppDelegate.swift */; };
		F966F1B41DD85CBB0040CBCA /* ViewController.swift in Sources */ = {isa = PBXBuildFile; fileRef = F966F1B31DD85CBB0040CBCA /* ViewController.swift */; };
		F966F1B71DD85CBB0040CBCA /* Main.storyboard in Resources */ = {isa = PBXBuildFile; fileRef = F966F1B51DD85CBB0040CBCA /* Main.storyboard */; };
		F966F1B91DD85CBB0040CBCA /* Assets.xcassets in Resources */ = {isa = PBXBuildFile; fileRef = F966F1B81DD85CBB0040CBCA /* Assets.xcassets */; };
		F966F1BC1DD85CBB0040CBCA /* LaunchScreen.storyboard in Resources */ = {isa = PBXBuildFile; fileRef = F966F1BA1DD85CBB0040CBCA /* LaunchScreen.storyboard */; };
/* End PBXBuildFile section */

/* Begin PBXFileReference section */
		F966F1AE1DD85CBB0040CBCA /* GridCameraView.app */ = {isa = PBXFileReference; explicitFileType = wrapper.application; includeInIndex = 0; path = GridCameraView.app; sourceTree = BUILT_PRODUCTS_DIR; };
		F966F1B11DD85CBB0040CBCA /* AppDelegate.swift */ = {isa = PBXFileReference; lastKnownFileType = sourcecode.swift; path = AppDelegate.swift; sourceTree = "<group>"; };
		F966F1B31DD85CBB0040CBCA /* ViewController.swift */ = {isa = PBXFileReference; lastKnownFileType = sourcecode.swift; path = ViewController.swift; sourceTree = "<group>"; };
		F966F1B61DD85CBB0040CBCA /* Base */ = {isa = PBXFileReference; lastKnownFileType = file.storyboard; name = Base; path = Base.lproj/Main.storyboard; sourceTree = "<group>"; };
		F966F1B81DD85CBB0040CBCA /* Assets.xcassets */ = {isa = PBXFileReference; lastKnownFileType = folder.assetcatalog; path = Assets.xcassets; sourceTree = "<group>"; };
		F966F1BB1DD85CBB0040CBCA /* Base */ = {isa = PBXFileReference; lastKnownFileType = file.storyboard; name = Base; path = Base.lproj/LaunchScreen.storyboard; sourceTree = "<group>"; };
		F966F1BD1DD85CBB0040CBCA /* Info.plist */ = {isa = PBXFileReference; lastKnownFileType = text.plist.xml; path = Info.plist; sourceTree = "<group>"; };
/* End PBXFileReference section */

/* Begin PBXFrameworksBuildPhase section */
		F966F1AB1DD85CBB0040CBCA /* Frameworks */ = {
			isa = PBXFrameworksBuildPhase;
			buildActionMask = 2147483647;
			files = (
			);
			runOnlyForDeploymentPostprocessing = 0;
		};
/* End PBXFrameworksBuildPhase section */

/* Begin PBXGroup section */
		F966F1A51DD85CBB0040CBCA = {
			isa = PBXGroup;
			children = (
				F966F1B01DD85CBB0040CBCA /* GridCameraView */,
				F966F1AF1DD85CBB0040CBCA /* Products */,
			);
			sourceTree = "<group>";
		};
		F966F1AF1DD85CBB0040CBCA /* Products */ = {
			isa = PBXGroup;
			children = (
				F966F1AE1DD85CBB0040CBCA /* GridCameraView.app */,
			);
			name = Products;
			sourceTree = "<group>";
		};
		F966F1B01DD85CBB0040CBCA /* GridCameraView */ = {
			isa = PBXGroup;
			children = (
				F966F1B11DD85CBB0040CBCA /* AppDelegate.swift */,
				F966F1B31DD85CBB0040CBCA /* ViewController.swift */,
				F966F1B51DD85CBB0040CBCA /* Main.storyboard */,
				F966F1B81DD85CBB0040CBCA /* Assets.xcassets */,
				F966F1BA1DD85CBB0040CBCA /* LaunchScreen.storyboard */,
				F966F1BD1DD85CBB0040CBCA /* Info.plist */,
			);
			path = GridCameraView;
			sourceTree = "<group>";
		};
/* End PBXGroup section */

/* Begin PBXNativeTarget section */
		F966F1AD1DD85CBB0040CBCA /* GridCameraView */ = {
			isa = PBXNativeTarget;
			buildConfigurationList = F966F1C01DD85CBB0040CBCA /* Build configuration list for PBXNativeTarget "GridCameraView" */;
			buildPhases = (
				F966F1AA1DD85CBB0040CBCA /* Sources */,
				F966F1AB1DD85CBB0040CBCA /* Frameworks */,
				F966F1AC1DD85CBB0040CBCA /* Resources */,
			);
			buildRules = (
			);
			dependencies = (
			);
			name = GridCameraView;
			productName = GridCameraView;
			productReference = F966F1AE1DD85CBB0040CBCA /* GridCameraView.app */;
			productType = "com.apple.product-type.application";
		};
/* End PBXNativeTarget section */

/* Begin PBXProject section */
		F966F1A61DD85CBB0040CBCA /* Project object */ = {
			isa = PBXProject;
			attributes = {
				LastSwiftUpdateCheck = 0820;
				LastUpgradeCheck = 0820;
				ORGANIZATIONNAME = "Cristopher A. Bautista Gómez";
				TargetAttributes = {
					F966F1AD1DD85CBB0040CBCA = {
						CreatedOnToolsVersion = 8.2;
						DevelopmentTeam = 8DJ3QNW9Y7;
						ProvisioningStyle = Automatic;
					};
				};
			};
			buildConfigurationList = F966F1A91DD85CBB0040CBCA /* Build configuration list for PBXProject "GridCameraView" */;
			compatibilityVersion = "Xcode 3.2";
			developmentRegion = English;
			hasScannedForEncodings = 0;
			knownRegions = (
				en,
				Base,
			);
			mainGroup = F966F1A51DD85CBB0040CBCA;
			productRefGroup = F966F1AF1DD85CBB0040CBCA /* Products */;
			projectDirPath = "";
			projectRoot = "";
			targets = (
				F966F1AD1DD85CBB0040CBCA /* GridCameraView */,
			);
		};
/* End PBXProject section */

/* Begin PBXResourcesBuildPhase section */
		F966F1AC1DD85CBB0040CBCA /* Resources */ = {
			isa = PBXResourcesBuildPhase;
			buildActionMask = 2147483647;
			files = (
				F966F1BC1DD85CBB0040CBCA /* LaunchScreen.storyboard in Resources */,
				F966F1B91DD85CBB0040CBCA /* Assets.xcassets in Resources */,
				F966F1B71DD85CBB0040CBCA /* Main.storyboard in Resources */,
			);
			runOnlyForDeploymentPostprocessing = 0;
		};
/* End PBXResourcesBuildPhase section */

/* Begin PBXSourcesBuildPhase section */
		F966F1AA1DD85CBB0040CBCA /* Sources */ = {
			isa = PBXSourcesBuildPhase;
			buildActionMask = 2147483647;
			files = (
				F966F1B41DD85CBB0040CBCA /* ViewController.swift in Sources */,
				F966F1B21DD85CBB0040CBCA /* AppDelegate.swift in Sources */,
			);
			runOnlyForDeploymentPostprocessing = 0;
		};
/* End PBXSourcesBuildPhase section */

/* Begin PBXVariantGroup section */
		F966F1B51DD85CBB0040CBCA /* Main.storyboard */ = {
			isa = PBXVariantGroup;
			children = (
				F966F1B61DD85CBB0040CBCA /* Base */,
			);
			name = Main.storyboard;
			sourceTree = "<group>";
		};
		F966F1BA1DD85CBB0040CBCA /* LaunchScreen.storyboard */ = {
			isa = PBXVariantGroup;
			children = (
				F966F1BB1DD85CBB0040CBCA /* Base */,
			);
			name = LaunchScreen.storyboard;
			sourceTree = "<group>";
		};
/* End PBXVariantGroup section */

/* Begin XCBuildConfiguration section */
		F966F1BE1DD85CBB0040CBCA /* Debug */ = {
			isa = XCBuildConfiguration;
			buildSettings = {
				ALWAYS_SEARCH_USER_PATHS = NO;
				CLANG_ANALYZER_NONNULL = YES;
				CLANG_CXX_LANGUAGE_STANDARD = "gnu++0x";
				CLANG_CXX_LIBRARY = "libc++";
				CLANG_ENABLE_MODULES = YES;
				CLANG_ENABLE_OBJC_ARC = YES;
				CLANG_WARN_BOOL_CONVERSION = YES;
				CLANG_WARN_CONSTANT_CONVERSION = YES;
				CLANG_WARN_DIRECT_OBJC_ISA_USAGE = YES_ERROR;
				CLANG_WARN_DOCUMENTATION_COMMENTS = YES;
				CLANG_WARN_EMPTY_BODY = YES;
				CLANG_WARN_ENUM_CONVERSION = YES;
				CLANG_WARN_INFINITE_RECURSION = YES;
				CLANG_WARN_INT_CONVERSION = YES;
				CLANG_WARN_OBJC_ROOT_CLASS = YES_ERROR;
				CLANG_WARN_SUSPICIOUS_MOVE = YES;
				CLANG_WARN_UNREACHABLE_CODE = YES;
				CLANG_WARN__DUPLICATE_METHOD_MATCH = YES;
				"CODE_SIGN_IDENTITY[sdk=iphoneos*]" = "iPhone Developer";
				COPY_PHASE_STRIP = NO;
				DEBUG_INFORMATION_FORMAT = dwarf;
				ENABLE_STRICT_OBJC_MSGSEND = YES;
				ENABLE_TESTABILITY = YES;
				GCC_C_LANGUAGE_STANDARD = gnu99;
				GCC_DYNAMIC_NO_PIC = NO;
				GCC_NO_COMMON_BLOCKS = YES;
				GCC_OPTIMIZATION_LEVEL = 0;
				GCC_PREPROCESSOR_DEFINITIONS = (
					"DEBUG=1",
					"$(inherited)",
				);
				GCC_WARN_64_TO_32_BIT_CONVERSION = YES;
				GCC_WARN_ABOUT_RETURN_TYPE = YES_ERROR;
				GCC_WARN_UNDECLARED_SELECTOR = YES;
				GCC_WARN_UNINITIALIZED_AUTOS = YES_AGGRESSIVE;
				GCC_WARN_UNUSED_FUNCTION = YES;
				GCC_WARN_UNUSED_VARIABLE = YES;
				IPHONEOS_DEPLOYMENT_TARGET = 10.2;
				MTL_ENABLE_DEBUG_INFO = YES;
				ONLY_ACTIVE_ARCH = YES;
				SDKROOT = iphoneos;
				SWIFT_ACTIVE_COMPILATION_CONDITIONS = DEBUG;
				SWIFT_OPTIMIZATION_LEVEL = "-Onone";
			};
			name = Debug;
		};
		F966F1BF1DD85CBB0040CBCA /* Release */ = {
			isa = XCBuildConfiguration;
			buildSettings = {
				ALWAYS_SEARCH_USER_PATHS = NO;
				CLANG_ANALYZER_NONNULL = YES;
				CLANG_CXX_LANGUAGE_STANDARD = "gnu++0x";
				CLANG_CXX_LIBRARY = "libc++";
				CLANG_ENABLE_MODULES = YES;
				CLANG_ENABLE_OBJC_ARC = YES;
				CLANG_WARN_BOOL_CONVERSION = YES;
				CLANG_WARN_CONSTANT_CONVERSION = YES;
				CLANG_WARN_DIRECT_OBJC_ISA_USAGE = YES_ERROR;
				CLANG_WARN_DOCUMENTATION_COMMENTS = YES;
				CLANG_WARN_EMPTY_BODY = YES;
				CLANG_WARN_ENUM_CONVERSION = YES;
				CLANG_WARN_INFINITE_RECURSION = YES;
				CLANG_WARN_INT_CONVERSION = YES;
				CLANG_WARN_OBJC_ROOT_CLASS = YES_ERROR;
				CLANG_WARN_SUSPICIOUS_MOVE = YES;
				CLANG_WARN_UNREACHABLE_CODE = YES;
				CLANG_WARN__DUPLICATE_METHOD_MATCH = YES;
				"CODE_SIGN_IDENTITY[sdk=iphoneos*]" = "iPhone Developer";
				COPY_PHASE_STRIP = NO;
				DEBUG_INFORMATION_FORMAT = "dwarf-with-dsym";
				ENABLE_NS_ASSERTIONS = NO;
				ENABLE_STRICT_OBJC_MSGSEND = YES;
				GCC_C_LANGUAGE_STANDARD = gnu99;
				GCC_NO_COMMON_BLOCKS = YES;
				GCC_WARN_64_TO_32_BIT_CONVERSION = YES;
				GCC_WARN_ABOUT_RETURN_TYPE = YES_ERROR;
				GCC_WARN_UNDECLARED_SELECTOR = YES;
				GCC_WARN_UNINITIALIZED_AUTOS = YES_AGGRESSIVE;
				GCC_WARN_UNUSED_FUNCTION = YES;
				GCC_WARN_UNUSED_VARIABLE = YES;
				IPHONEOS_DEPLOYMENT_TARGET = 10.2;
				MTL_ENABLE_DEBUG_INFO = NO;
				SDKROOT = iphoneos;
				SWIFT_OPTIMIZATION_LEVEL = "-Owholemodule";
				VALIDATE_PRODUCT = YES;
			};
			name = Release;
		};
		F966F1C11DD85CBB0040CBCA /* Debug */ = {
			isa = XCBuildConfiguration;
			buildSettings = {
				ASSETCATALOG_COMPILER_APPICON_NAME = AppIcon;
				DEVELOPMENT_TEAM = 8DJ3QNW9Y7;
				INFOPLIST_FILE = GridCameraView/Info.plist;
				LD_RUNPATH_SEARCH_PATHS = "$(inherited) @executable_path/Frameworks";
				PRODUCT_BUNDLE_IDENTIFIER = xyz.cristopherbg.GridCameraView;
				PRODUCT_NAME = "$(TARGET_NAME)";
				SWIFT_VERSION = 3.0;
			};
			name = Debug;
		};
		F966F1C21DD85CBB0040CBCA /* Release */ = {
			isa = XCBuildConfiguration;
			buildSettings = {
				ASSETCATALOG_COMPILER_APPICON_NAME = AppIcon;
				DEVELOPMENT_TEAM = 8DJ3QNW9Y7;
				INFOPLIST_FILE = GridCameraView/Info.plist;
				LD_RUNPATH_SEARCH_PATHS = "$(inherited) @executable_path/Frameworks";
				PRODUCT_BUNDLE_IDENTIFIER = xyz.cristopherbg.GridCameraView;
				PRODUCT_NAME = "$(TARGET_NAME)";
				SWIFT_VERSION = 3.0;
			};
			name = Release;
		};
/* End XCBuildConfiguration section */

/* Begin XCConfigurationList section */
		F966F1A91DD85CBB0040CBCA /* Build configuration list for PBXProject "GridCameraView" */ = {
			isa = XCConfigurationList;
			buildConfigurations = (
				F966F1BE1DD85CBB0040CBCA /* Debug */,
				F966F1BF1DD85CBB0040CBCA /* Release */,
			);
			defaultConfigurationIsVisible = 0;
			defaultConfigurationName = Release;
		};
		F966F1C01DD85CBB0040CBCA /* Build configuration list for PBXNativeTarget "GridCameraView" */ = {
			isa = XCConfigurationList;
			buildConfigurations = (
				F966F1C11DD85CBB0040CBCA /* Debug */,
				F966F1C21DD85CBB0040CBCA /* Release */,
			);
			defaultConfigurationIsVisible = 0;
		};
/* End XCConfigurationList section */
	};
	rootObject = F966F1A61DD85CBB0040CBCA /* Project object */;
}
